
Microsoft Visual Studio Solution File, Format Version 12.00
# Visual Studio 15
VisualStudioVersion = 15.0.26124.0
MinimumVisualStudioVersion = 15.0.26124.0
Project("{2150E333-8FDC-42A3-9474-1A3956D46DE8}") = "src", "src", "{598AD96D-0201-40DD-8DEC-255E803A3F5A}"
EndProject
Project("{2150E333-8FDC-42A3-9474-1A3956D46DE8}") = "Query", "Query", "{D0FC571E-F576-4E7F-8534-B99CB14A27FF}"
EndProject
Project("{F2A71F9B-5D33-465A-A702-920D77279786}") = "Query.Client", "src\Query\Query.Client\Query.Client.fsproj", "{93EAC6D7-AB66-4EE4-B030-F5E8EB598E18}"
EndProject
Project("{F2A71F9B-5D33-465A-A702-920D77279786}") = "Query.Server", "src\Query\Query.Server\Query.Server.fsproj", "{F944FC60-9CFC-4FED-86EA-D6662B880AA0}"
EndProject
Project("{F2A71F9B-5D33-465A-A702-920D77279786}") = "Query.Data", "src\Query\Query.Data\Query.Data.fsproj", "{A91138CC-86E7-4CC7-AB2D-F87E502D575D}"
EndProject
Global
	GlobalSection(SolutionConfigurationPlatforms) = preSolution
		Debug|Any CPU = Debug|Any CPU
		Debug|x64 = Debug|x64
		Debug|x86 = Debug|x86
		Release|Any CPU = Release|Any CPU
		Release|x64 = Release|x64
		Release|x86 = Release|x86
	EndGlobalSection
	GlobalSection(SolutionProperties) = preSolution
		HideSolutionNode = FALSE
	EndGlobalSection
	GlobalSection(ProjectConfigurationPlatforms) = postSolution
		{93EAC6D7-AB66-4EE4-B030-F5E8EB598E18}.Debug|Any CPU.ActiveCfg = Debug|Any CPU
		{93EAC6D7-AB66-4EE4-B030-F5E8EB598E18}.Debug|Any CPU.Build.0 = Debug|Any CPU
		{93EAC6D7-AB66-4EE4-B030-F5E8EB598E18}.Debug|x64.ActiveCfg = Debug|Any CPU
		{93EAC6D7-AB66-4EE4-B030-F5E8EB598E18}.Debug|x64.Build.0 = Debug|Any CPU
		{93EAC6D7-AB66-4EE4-B030-F5E8EB598E18}.Debug|x86.ActiveCfg = Debug|Any CPU
		{93EAC6D7-AB66-4EE4-B030-F5E8EB598E18}.Debug|x86.Build.0 = Debug|Any CPU
		{93EAC6D7-AB66-4EE4-B030-F5E8EB598E18}.Release|Any CPU.ActiveCfg = Release|Any CPU
		{93EAC6D7-AB66-4EE4-B030-F5E8EB598E18}.Release|Any CPU.Build.0 = Release|Any CPU
		{93EAC6D7-AB66-4EE4-B030-F5E8EB598E18}.Release|x64.ActiveCfg = Release|Any CPU
		{93EAC6D7-AB66-4EE4-B030-F5E8EB598E18}.Release|x64.Build.0 = Release|Any CPU
		{93EAC6D7-AB66-4EE4-B030-F5E8EB598E18}.Release|x86.ActiveCfg = Release|Any CPU
		{93EAC6D7-AB66-4EE4-B030-F5E8EB598E18}.Release|x86.Build.0 = Release|Any CPU
		{F944FC60-9CFC-4FED-86EA-D6662B880AA0}.Debug|Any CPU.ActiveCfg = Debug|Any CPU
		{F944FC60-9CFC-4FED-86EA-D6662B880AA0}.Debug|Any CPU.Build.0 = Debug|Any CPU
		{F944FC60-9CFC-4FED-86EA-D6662B880AA0}.Debug|x64.ActiveCfg = Debug|Any CPU
		{F944FC60-9CFC-4FED-86EA-D6662B880AA0}.Debug|x64.Build.0 = Debug|Any CPU
		{F944FC60-9CFC-4FED-86EA-D6662B880AA0}.Debug|x86.ActiveCfg = Debug|Any CPU
		{F944FC60-9CFC-4FED-86EA-D6662B880AA0}.Debug|x86.Build.0 = Debug|Any CPU
		{F944FC60-9CFC-4FED-86EA-D6662B880AA0}.Release|Any CPU.ActiveCfg = Release|Any CPU
		{F944FC60-9CFC-4FED-86EA-D6662B880AA0}.Release|Any CPU.Build.0 = Release|Any CPU
		{F944FC60-9CFC-4FED-86EA-D6662B880AA0}.Release|x64.ActiveCfg = Release|Any CPU
		{F944FC60-9CFC-4FED-86EA-D6662B880AA0}.Release|x64.Build.0 = Release|Any CPU
		{F944FC60-9CFC-4FED-86EA-D6662B880AA0}.Release|x86.ActiveCfg = Release|Any CPU
		{F944FC60-9CFC-4FED-86EA-D6662B880AA0}.Release|x86.Build.0 = Release|Any CPU
		{A91138CC-86E7-4CC7-AB2D-F87E502D575D}.Debug|Any CPU.ActiveCfg = Debug|Any CPU
		{A91138CC-86E7-4CC7-AB2D-F87E502D575D}.Debug|Any CPU.Build.0 = Debug|Any CPU
		{A91138CC-86E7-4CC7-AB2D-F87E502D575D}.Debug|x64.ActiveCfg = Debug|Any CPU
		{A91138CC-86E7-4CC7-AB2D-F87E502D575D}.Debug|x64.Build.0 = Debug|Any CPU
		{A91138CC-86E7-4CC7-AB2D-F87E502D575D}.Debug|x86.ActiveCfg = Debug|Any CPU
		{A91138CC-86E7-4CC7-AB2D-F87E502D575D}.Debug|x86.Build.0 = Debug|Any CPU
		{A91138CC-86E7-4CC7-AB2D-F87E502D575D}.Release|Any CPU.ActiveCfg = Release|Any CPU
		{A91138CC-86E7-4CC7-AB2D-F87E502D575D}.Release|Any CPU.Build.0 = Release|Any CPU
		{A91138CC-86E7-4CC7-AB2D-F87E502D575D}.Release|x64.ActiveCfg = Release|Any CPU
		{A91138CC-86E7-4CC7-AB2D-F87E502D575D}.Release|x64.Build.0 = Release|Any CPU
		{A91138CC-86E7-4CC7-AB2D-F87E502D575D}.Release|x86.ActiveCfg = Release|Any CPU
		{A91138CC-86E7-4CC7-AB2D-F87E502D575D}.Release|x86.Build.0 = Release|Any CPU
	EndGlobalSection
	GlobalSection(NestedProjects) = preSolution
		{D0FC571E-F576-4E7F-8534-B99CB14A27FF} = {598AD96D-0201-40DD-8DEC-255E803A3F5A}
		{93EAC6D7-AB66-4EE4-B030-F5E8EB598E18} = {D0FC571E-F576-4E7F-8534-B99CB14A27FF}
		{F944FC60-9CFC-4FED-86EA-D6662B880AA0} = {D0FC571E-F576-4E7F-8534-B99CB14A27FF}
		{A91138CC-86E7-4CC7-AB2D-F87E502D575D} = {D0FC571E-F576-4E7F-8534-B99CB14A27FF}
	EndGlobalSection
EndGlobal
